
Microsoft Visual Studio Solution File, Format Version 12.00
# Visual Studio Version 16
VisualStudioVersion = 16.0.30907.101
MinimumVisualStudioVersion = 10.0.40219.1
Project("{FAE04EC0-301F-11D3-BF4B-00C04F79EFBC}") = "Post_processor_flp", "Post_processor_flp\Post_processor_flp.csproj", "{E4396882-745A-4398-97FB-39A9D1296975}"
EndProject
Global
	GlobalSection(SolutionConfigurationPlatforms) = preSolution
		Debug|Any CPU = Debug|Any CPU
		Release|Any CPU = Release|Any CPU
	EndGlobalSection
	GlobalSection(ProjectConfigurationPlatforms) = postSolution
		{E4396882-745A-4398-97FB-39A9D1296975}.Debug|Any CPU.ActiveCfg = Debug|Any CPU
		{E4396882-745A-4398-97FB-39A9D1296975}.Debug|Any CPU.Build.0 = Debug|Any CPU
		{E4396882-745A-4398-97FB-39A9D1296975}.Release|Any CPU.ActiveCfg = Release|Any CPU
		{E4396882-745A-4398-97FB-39A9D1296975}.Release|Any CPU.Build.0 = Release|Any CPU
	EndGlobalSection
	GlobalSection(SolutionProperties) = preSolution
		HideSolutionNode = FALSE
	EndGlobalSection
	GlobalSection(ExtensibilityGlobals) = postSolution
		SolutionGuid = {E4455D70-7B07-4814-94F5-0E6D5630BACC}
	EndGlobalSection
EndGlobal
